// !$*UTF8*$!
{
	archiveVersion = 1;
	classes = {
	};
	objectVersion = 46;
	objects = {

/* Begin PBXBuildFile section */
		40AE12E21F3BFC0200EB5153 /* RNNoTagDatepicker.m in Sources */ = {isa = PBXBuildFile; fileRef = 40AE12E11F3BFC0200EB5153 /* RNNoTagDatepicker.m */; };
		40AE12E31F3BFC0200EB5153 /* RNNoTagDatepicker.h in CopyFiles */ = {isa = PBXBuildFile; fileRef = 40AE12E01F3BFC0200EB5153 /* RNNoTagDatepicker.h */; };
/* End PBXBuildFile section */

/* Begin PBXCopyFilesBuildPhase section */
		40AE12DB1F3BFC0200EB5153 /* CopyFiles */ = {
			isa = PBXCopyFilesBuildPhase;
			buildActionMask = 2147483647;
			dstPath = "include/$(PRODUCT_NAME)";
			dstSubfolderSpec = 16;
			files = (
				40AE12E31F3BFC0200EB5153 /* RNNoTagDatepicker.h in CopyFiles */,
			);
			runOnlyForDeploymentPostprocessing = 0;
		};
/* End PBXCopyFilesBuildPhase section */

/* Begin PBXFileReference section */
		40AE12DD1F3BFC0200EB5153 /* libRNNoTagDatepicker.a */ = {isa = PBXFileReference; explicitFileType = archive.ar; includeInIndex = 0; path = libRNNoTagDatepicker.a; sourceTree = BUILT_PRODUCTS_DIR; };
		40AE12E01F3BFC0200EB5153 /* RNNoTagDatepicker.h */ = {isa = PBXFileReference; lastKnownFileType = sourcecode.c.h; path = RNNoTagDatepicker.h; sourceTree = "<group>"; };
		40AE12E11F3BFC0200EB5153 /* RNNoTagDatepicker.m */ = {isa = PBXFileReference; lastKnownFileType = sourcecode.c.objc; path = RNNoTagDatepicker.m; sourceTree = "<group>"; };
		40AE12EF1F3BFE5600EB5153 /* DatePicker.xib */ = {isa = PBXFileReference; lastKnownFileType = file.xib; name = DatePicker.xib; path = ../../../../../../Desktop/DatePicker.xib; sourceTree = "<group>"; };
/* End PBXFileReference section */

/* Begin PBXFrameworksBuildPhase section */
		40AE12DA1F3BFC0200EB5153 /* Frameworks */ = {
			isa = PBXFrameworksBuildPhase;
			buildActionMask = 2147483647;
			files = (
			);
			runOnlyForDeploymentPostprocessing = 0;
		};
/* End PBXFrameworksBuildPhase section */

/* Begin PBXGroup section */
		40AE12D41F3BFC0200EB5153 = {
			isa = PBXGroup;
			children = (
				40AE12DF1F3BFC0200EB5153 /* RNNoTagDatepicker */,
				40AE12DE1F3BFC0200EB5153 /* Products */,
			);
			sourceTree = "<group>";
		};
		40AE12DE1F3BFC0200EB5153 /* Products */ = {
			isa = PBXGroup;
			children = (
				40AE12DD1F3BFC0200EB5153 /* libRNNoTagDatepicker.a */,
			);
			name = Products;
			sourceTree = "<group>";
		};
		40AE12DF1F3BFC0200EB5153 /* RNNoTagDatepicker */ = {
			isa = PBXGroup;
			children = (
				40AE12EF1F3BFE5600EB5153 /* DatePicker.xib */,
				40AE12E01F3BFC0200EB5153 /* RNNoTagDatepicker.h */,
				40AE12E11F3BFC0200EB5153 /* RNNoTagDatepicker.m */,
			);
			path = RNNoTagDatepicker;
			sourceTree = "<group>";
		};
/* End PBXGroup section */

/* Begin PBXNativeTarget section */
		40AE12DC1F3BFC0200EB5153 /* RNNoTagDatepicker */ = {
			isa = PBXNativeTarget;
			buildConfigurationList = 40AE12E61F3BFC0200EB5153 /* Build configuration list for PBXNativeTarget "RNNoTagDatepicker" */;
			buildPhases = (
				40AE12D91F3BFC0200EB5153 /* Sources */,
				40AE12DA1F3BFC0200EB5153 /* Frameworks */,
				40AE12DB1F3BFC0200EB5153 /* CopyFiles */,
			);
			buildRules = (
			);
			dependencies = (
			);
			name = RNNoTagDatepicker;
			productName = RNNoTagDatepicker;
			productReference = 40AE12DD1F3BFC0200EB5153 /* libRNNoTagDatepicker.a */;
			productType = "com.apple.product-type.library.static";
		};
/* End PBXNativeTarget section */

/* Begin PBXProject section */
		40AE12D51F3BFC0200EB5153 /* Project object */ = {
			isa = PBXProject;
			attributes = {
				LastUpgradeCheck = 0830;
				ORGANIZATIONNAME = phodal;
				TargetAttributes = {
					40AE12DC1F3BFC0200EB5153 = {
						CreatedOnToolsVersion = 8.3.3;
						DevelopmentTeam = D2DUAE8F5B;
						ProvisioningStyle = Automatic;
					};
				};
			};
			buildConfigurationList = 40AE12D81F3BFC0200EB5153 /* Build configuration list for PBXProject "RNNoTagDatepicker" */;
			compatibilityVersion = "Xcode 3.2";
			developmentRegion = English;
			hasScannedForEncodings = 0;
			knownRegions = (
				en,
			);
			mainGroup = 40AE12D41F3BFC0200EB5153;
			productRefGroup = 40AE12DE1F3BFC0200EB5153 /* Products */;
			projectDirPath = "";
			projectRoot = "";
			targets = (
				40AE12DC1F3BFC0200EB5153 /* RNNoTagDatepicker */,
			);
		};
/* End PBXProject section */

/* Begin PBXSourcesBuildPhase section */
		40AE12D91F3BFC0200EB5153 /* Sources */ = {
			isa = PBXSourcesBuildPhase;
			buildActionMask = 2147483647;
			files = (
				40AE12E21F3BFC0200EB5153 /* RNNoTagDatepicker.m in Sources */,
			);
			runOnlyForDeploymentPostprocessing = 0;
		};
/* End PBXSourcesBuildPhase section */

/* Begin XCBuildConfiguration section */
		40AE12E41F3BFC0200EB5153 /* Debug */ = {
			isa = XCBuildConfiguration;
			buildSettings = {
				ALWAYS_SEARCH_USER_PATHS = NO;
				CLANG_ANALYZER_NONNULL = YES;
				CLANG_ANALYZER_NUMBER_OBJECT_CONVERSION = YES_AGGRESSIVE;
				CLANG_CXX_LANGUAGE_STANDARD = "gnu++0x";
				CLANG_CXX_LIBRARY = "libc++";
				CLANG_ENABLE_MODULES = YES;
				CLANG_ENABLE_OBJC_ARC = YES;
				CLANG_WARN_BOOL_CONVERSION = YES;
				CLANG_WARN_CONSTANT_CONVERSION = YES;
				CLANG_WARN_DIRECT_OBJC_ISA_USAGE = YES_ERROR;
				CLANG_WARN_DOCUMENTATION_COMMENTS = YES;
				CLANG_WARN_EMPTY_BODY = YES;
				CLANG_WARN_ENUM_CONVERSION = YES;
				CLANG_WARN_INFINITE_RECURSION = YES;
				CLANG_WARN_INT_CONVERSION = YES;
				CLANG_WARN_OBJC_ROOT_CLASS = YES_ERROR;
				CLANG_WARN_SUSPICIOUS_MOVE = YES;
				CLANG_WARN_UNREACHABLE_CODE = YES;
				CLANG_WARN__DUPLICATE_METHOD_MATCH = YES;
				"CODE_SIGN_IDENTITY[sdk=iphoneos*]" = "iPhone Developer";
				COPY_PHASE_STRIP = NO;
				DEBUG_INFORMATION_FORMAT = dwarf;
				ENABLE_STRICT_OBJC_MSGSEND = YES;
				ENABLE_TESTABILITY = YES;
				GCC_C_LANGUAGE_STANDARD = gnu99;
				GCC_DYNAMIC_NO_PIC = NO;
				GCC_NO_COMMON_BLOCKS = YES;
				GCC_OPTIMIZATION_LEVEL = 0;
				GCC_PREPROCESSOR_DEFINITIONS = (
					"DEBUG=1",
					"$(inherited)",
				);
				GCC_WARN_64_TO_32_BIT_CONVERSION = YES;
				GCC_WARN_ABOUT_RETURN_TYPE = YES_ERROR;
				GCC_WARN_UNDECLARED_SELECTOR = YES;
				GCC_WARN_UNINITIALIZED_AUTOS = YES_AGGRESSIVE;
				GCC_WARN_UNUSED_FUNCTION = YES;
				GCC_WARN_UNUSED_VARIABLE = YES;
				IPHONEOS_DEPLOYMENT_TARGET = 10.3;
				MTL_ENABLE_DEBUG_INFO = YES;
				ONLY_ACTIVE_ARCH = YES;
				SDKROOT = iphoneos;
			};
			name = Debug;
		};
		40AE12E51F3BFC0200EB5153 /* Release */ = {
			isa = XCBuildConfiguration;
			buildSettings = {
				ALWAYS_SEARCH_USER_PATHS = NO;
				CLANG_ANALYZER_NONNULL = YES;
				CLANG_ANALYZER_NUMBER_OBJECT_CONVERSION = YES_AGGRESSIVE;
				CLANG_CXX_LANGUAGE_STANDARD = "gnu++0x";
				CLANG_CXX_LIBRARY = "libc++";
				CLANG_ENABLE_MODULES = YES;
				CLANG_ENABLE_OBJC_ARC = YES;
				CLANG_WARN_BOOL_CONVERSION = YES;
				CLANG_WARN_CONSTANT_CONVERSION = YES;
				CLANG_WARN_DIRECT_OBJC_ISA_USAGE = YES_ERROR;
				CLANG_WARN_DOCUMENTATION_COMMENTS = YES;
				CLANG_WARN_EMPTY_BODY = YES;
				CLANG_WARN_ENUM_CONVERSION = YES;
				CLANG_WARN_INFINITE_RECURSION = YES;
				CLANG_WARN_INT_CONVERSION = YES;
				CLANG_WARN_OBJC_ROOT_CLASS = YES_ERROR;
				CLANG_WARN_SUSPICIOUS_MOVE = YES;
				CLANG_WARN_UNREACHABLE_CODE = YES;
				CLANG_WARN__DUPLICATE_METHOD_MATCH = YES;
				"CODE_SIGN_IDENTITY[sdk=iphoneos*]" = "iPhone Developer";
				COPY_PHASE_STRIP = NO;
				DEBUG_INFORMATION_FORMAT = "dwarf-with-dsym";
				ENABLE_NS_ASSERTIONS = NO;
				ENABLE_STRICT_OBJC_MSGSEND = YES;
				GCC_C_LANGUAGE_STANDARD = gnu99;
				GCC_NO_COMMON_BLOCKS = YES;
				GCC_WARN_64_TO_32_BIT_CONVERSION = YES;
				GCC_WARN_ABOUT_RETURN_TYPE = YES_ERROR;
				GCC_WARN_UNDECLARED_SELECTOR = YES;
				GCC_WARN_UNINITIALIZED_AUTOS = YES_AGGRESSIVE;
				GCC_WARN_UNUSED_FUNCTION = YES;
				GCC_WARN_UNUSED_VARIABLE = YES;
				IPHONEOS_DEPLOYMENT_TARGET = 10.3;
				MTL_ENABLE_DEBUG_INFO = NO;
				SDKROOT = iphoneos;
				VALIDATE_PRODUCT = YES;
			};
			name = Release;
		};
		40AE12E71F3BFC0200EB5153 /* Debug */ = {
			isa = XCBuildConfiguration;
			buildSettings = {
				DEVELOPMENT_TEAM = D2DUAE8F5B;
				OTHER_LDFLAGS = "-ObjC";
				PRODUCT_NAME = "$(TARGET_NAME)";
				SKIP_INSTALL = YES;
			};
			name = Debug;
		};
		40AE12E81F3BFC0200EB5153 /* Release */ = {
			isa = XCBuildConfiguration;
			buildSettings = {
				DEVELOPMENT_TEAM = D2DUAE8F5B;
				OTHER_LDFLAGS = "-ObjC";
				PRODUCT_NAME = "$(TARGET_NAME)";
				SKIP_INSTALL = YES;
			};
			name = Release;
		};
/* End XCBuildConfiguration section */

/* Begin XCConfigurationList section */
		40AE12D81F3BFC0200EB5153 /* Build configuration list for PBXProject "RNNoTagDatepicker" */ = {
			isa = XCConfigurationList;
			buildConfigurations = (
				40AE12E41F3BFC0200EB5153 /* Debug */,
				40AE12E51F3BFC0200EB5153 /* Release */,
			);
			defaultConfigurationIsVisible = 0;
			defaultConfigurationName = Release;
		};
		40AE12E61F3BFC0200EB5153 /* Build configuration list for PBXNativeTarget "RNNoTagDatepicker" */ = {
			isa = XCConfigurationList;
			buildConfigurations = (
				40AE12E71F3BFC0200EB5153 /* Debug */,
				40AE12E81F3BFC0200EB5153 /* Release */,
			);
			defaultConfigurationIsVisible = 0;
			defaultConfigurationName = Release;
		};
/* End XCConfigurationList section */
	};
	rootObject = 40AE12D51F3BFC0200EB5153 /* Project object */;
}
